// !$*UTF8*$!
{
	archiveVersion = 1;
	classes = {
	};
	objectVersion = 56;
	objects = {

/* Begin PBXBuildFile section */
		12B383F79502CEE8511EAE7D /* Pods_jisikin_ios_jisikin_iosUITests.framework in Frameworks */ = {isa = PBXBuildFile; fileRef = 8D669D50969F68A07EFBE6C2 /* Pods_jisikin_ios_jisikin_iosUITests.framework */; };
		4E010326296009860060F342 /* TestViewcontroller.swift in Sources */ = {isa = PBXBuildFile; fileRef = 4E010325296009860060F342 /* TestViewcontroller.swift */; };
		4E01E17E296D23C300B8EFD2 /* HomeViewController.swift in Sources */ = {isa = PBXBuildFile; fileRef = 4E01E17D296D23C300B8EFD2 /* HomeViewController.swift */; };
		4E152C18296007A5000E9D9A /* TestRepository.swift in Sources */ = {isa = PBXBuildFile; fileRef = 4E152C17296007A5000E9D9A /* TestRepository.swift */; };
		4E44C25D2963ED5D001165AD /* LoginRepository.swift in Sources */ = {isa = PBXBuildFile; fileRef = 4E44C25C2963ED5D001165AD /* LoginRepository.swift */; };
		4E610E972976565400197149 /* QuestionDetailFromWritingAnswerViewController.swift in Sources */ = {isa = PBXBuildFile; fileRef = 4E610E962976565400197149 /* QuestionDetailFromWritingAnswerViewController.swift */; };
		4E682775296E75060001FC35 /* tagViewCell.swift in Sources */ = {isa = PBXBuildFile; fileRef = 4E682773296E75060001FC35 /* tagViewCell.swift */; };
		4E682776296E75060001FC35 /* WritingAnswerViewController.swift in Sources */ = {isa = PBXBuildFile; fileRef = 4E682774296E75060001FC35 /* WritingAnswerViewController.swift */; };
		4E8BAE0629559F62001CE4BD /* AppDelegate.swift in Sources */ = {isa = PBXBuildFile; fileRef = 4E8BAE0529559F62001CE4BD /* AppDelegate.swift */; };
		4E8BAE0829559F62001CE4BD /* SceneDelegate.swift in Sources */ = {isa = PBXBuildFile; fileRef = 4E8BAE0729559F62001CE4BD /* SceneDelegate.swift */; };
		4E8BAE0F29559F63001CE4BD /* Assets.xcassets in Resources */ = {isa = PBXBuildFile; fileRef = 4E8BAE0E29559F63001CE4BD /* Assets.xcassets */; };
		4E8BAE1D29559F63001CE4BD /* jisikin_iosTests.swift in Sources */ = {isa = PBXBuildFile; fileRef = 4E8BAE1C29559F63001CE4BD /* jisikin_iosTests.swift */; };
		4E8BAE2729559F63001CE4BD /* jisikin_iosUITests.swift in Sources */ = {isa = PBXBuildFile; fileRef = 4E8BAE2629559F63001CE4BD /* jisikin_iosUITests.swift */; };
		4E8BAE2929559F63001CE4BD /* jisikin_iosUITestsLaunchTests.swift in Sources */ = {isa = PBXBuildFile; fileRef = 4E8BAE2829559F63001CE4BD /* jisikin_iosUITestsLaunchTests.swift */; };
		4E9CAE792960001800D92F30 /* plainSegmentedControl.swift in Sources */ = {isa = PBXBuildFile; fileRef = 4E9CAE752960001800D92F30 /* plainSegmentedControl.swift */; };
		4E9CAE7B2960001800D92F30 /* SearchViewController.swift in Sources */ = {isa = PBXBuildFile; fileRef = 4E9CAE772960001800D92F30 /* SearchViewController.swift */; };
		4E9CAE7C2960001800D92F30 /* QuestionDetailViewController.swift in Sources */ = {isa = PBXBuildFile; fileRef = 4E9CAE782960001800D92F30 /* QuestionDetailViewController.swift */; };
		4E9CAE7E296066F300D92F30 /* QuestionTableViewCell.swift in Sources */ = {isa = PBXBuildFile; fileRef = 4E9CAE7D296066F300D92F30 /* QuestionTableViewCell.swift */; };
		4ECD064C29692C1900E848BF /* QuestionRepository.swift in Sources */ = {isa = PBXBuildFile; fileRef = 4ECD064B29692C1900E848BF /* QuestionRepository.swift */; };
		4ECD064E296933BE00E848BF /* QuestionListViewModel.swift in Sources */ = {isa = PBXBuildFile; fileRef = 4ECD064D296933BE00E848BF /* QuestionListViewModel.swift */; };
		4ECD06522969567900E848BF /* AnswerRepository.swift in Sources */ = {isa = PBXBuildFile; fileRef = 4ECD06512969567900E848BF /* AnswerRepository.swift */; };
		4ECD0658296BE7B100E848BF /* QuestionAnswerUsecase.swift in Sources */ = {isa = PBXBuildFile; fileRef = 4ECD0657296BE7B100E848BF /* QuestionAnswerUsecase.swift */; };
		4ECD065A296BFB2700E848BF /* QuestionDetailViewModel.swift in Sources */ = {isa = PBXBuildFile; fileRef = 4ECD0659296BFB2700E848BF /* QuestionDetailViewModel.swift */; };
		4ECD06622977D76E00E848BF /* JWTInterceptor.swift in Sources */ = {isa = PBXBuildFile; fileRef = 4ECD06612977D76E00E848BF /* JWTInterceptor.swift */; };
		4ED26AC4295EF59A0034F1A7 /* LoginViewController.swift in Sources */ = {isa = PBXBuildFile; fileRef = 4ED26AC3295EF59A0034F1A7 /* LoginViewController.swift */; };
		4ED26AC8295F0D670034F1A7 /* SignupViewController.swift in Sources */ = {isa = PBXBuildFile; fileRef = 4ED26AC7295F0D670034F1A7 /* SignupViewController.swift */; };
		4EE8D1FF2961520700CB6EB5 /* LoginModel.swift in Sources */ = {isa = PBXBuildFile; fileRef = 4EE8D1FE2961520700CB6EB5 /* LoginModel.swift */; };
		4EFEB6F5297B84DA00A45392 /* detailTagViewCell.swift in Sources */ = {isa = PBXBuildFile; fileRef = 4EFEB6F4297B84DA00A45392 /* detailTagViewCell.swift */; };
		4EFEB6F7297B8B5900A45392 /* selfsizingcollectionview.swift in Sources */ = {isa = PBXBuildFile; fileRef = 4EFEB6F6297B8B5900A45392 /* selfsizingcollectionview.swift */; };
		6669E963AA0FE71A0C45E7EE /* Pods_jisikin_iosTests.framework in Frameworks */ = {isa = PBXBuildFile; fileRef = 489CD149E57C0EA9C5D9B4C4 /* Pods_jisikin_iosTests.framework */; };
		8EAA9FD4F818743CC10321BD /* Pods_jisikin_ios.framework in Frameworks */ = {isa = PBXBuildFile; fileRef = 5748C32360EEF24721FF4D75 /* Pods_jisikin_ios.framework */; };
		C002B11E295AE1DA003303B7 /* TabBarViewController.swift in Sources */ = {isa = PBXBuildFile; fileRef = C002B11D295AE1DA003303B7 /* TabBarViewController.swift */; };
		C002B120295AE21B003303B7 /* AnswerViewController.swift in Sources */ = {isa = PBXBuildFile; fileRef = C002B11F295AE21B003303B7 /* AnswerViewController.swift */; };
		C002B122295AE228003303B7 /* QuestionViewController.swift in Sources */ = {isa = PBXBuildFile; fileRef = C002B121295AE228003303B7 /* QuestionViewController.swift */; };
		C002B124295AE236003303B7 /* MyViewController.swift in Sources */ = {isa = PBXBuildFile; fileRef = C002B123295AE236003303B7 /* MyViewController.swift */; };
		C03F3CE52976AA2F0046DDDF /* ProfileViewModel.swift in Sources */ = {isa = PBXBuildFile; fileRef = C03F3CE42976AA2F0046DDDF /* ProfileViewModel.swift */; };
		C03F3CE72976AB510046DDDF /* ProfileUsecase.swift in Sources */ = {isa = PBXBuildFile; fileRef = C03F3CE62976AB510046DDDF /* ProfileUsecase.swift */; };
		C03F3CEB2976AD4A0046DDDF /* ProfileRepository.swift in Sources */ = {isa = PBXBuildFile; fileRef = C03F3CEA2976AD4A0046DDDF /* ProfileRepository.swift */; };
		C03F3CF52977A4070046DDDF /* PhotoRepository.swift in Sources */ = {isa = PBXBuildFile; fileRef = C03F3CF42977A4070046DDDF /* PhotoRepository.swift */; };
		C03F3CF9297A94480046DDDF /* MyRelatedQuestionUsecase.swift in Sources */ = {isa = PBXBuildFile; fileRef = C03F3CF8297A94480046DDDF /* MyRelatedQuestionUsecase.swift */; };
		C03F3CFB297A95490046DDDF /* MyRelatedQuestionListViewModel.swift in Sources */ = {isa = PBXBuildFile; fileRef = C03F3CFA297A95490046DDDF /* MyRelatedQuestionListViewModel.swift */; };
		C03F3CFD297AA9040046DDDF /* MyRelatedQuestionTableViewCell.swift in Sources */ = {isa = PBXBuildFile; fileRef = C03F3CFC297AA9040046DDDF /* MyRelatedQuestionTableViewCell.swift */; };
		C0D6FC15295F319A00FF0A0C /* MyQAViewController.swift in Sources */ = {isa = PBXBuildFile; fileRef = C0D6FC14295F319A00FF0A0C /* MyQAViewController.swift */; };
		C0D6FC19295F32BD00FF0A0C /* HeartedQViewController.swift in Sources */ = {isa = PBXBuildFile; fileRef = C0D6FC18295F32BD00FF0A0C /* HeartedQViewController.swift */; };
		C0D6FC1B295F5F2300FF0A0C /* ModifyProfileViewController.swift in Sources */ = {isa = PBXBuildFile; fileRef = C0D6FC1A295F5F2300FF0A0C /* ModifyProfileViewController.swift */; };
		D4AC71732977167A007C037B /* BSImagePicker in Frameworks */ = {isa = PBXBuildFile; productRef = D4AC71722977167A007C037B /* BSImagePicker */; };
		D4AC7175297718E3007C037B /* ImageViewCell.swift in Sources */ = {isa = PBXBuildFile; fileRef = D4AC7174297718E3007C037B /* ImageViewCell.swift */; };
/* End PBXBuildFile section */

/* Begin PBXContainerItemProxy section */
		4E8BAE1929559F63001CE4BD /* PBXContainerItemProxy */ = {
			isa = PBXContainerItemProxy;
			containerPortal = 4E8BADFA29559F62001CE4BD /* Project object */;
			proxyType = 1;
			remoteGlobalIDString = 4E8BAE0129559F62001CE4BD;
			remoteInfo = "jisikin-ios";
		};
		4E8BAE2329559F63001CE4BD /* PBXContainerItemProxy */ = {
			isa = PBXContainerItemProxy;
			containerPortal = 4E8BADFA29559F62001CE4BD /* Project object */;
			proxyType = 1;
			remoteGlobalIDString = 4E8BAE0129559F62001CE4BD;
			remoteInfo = "jisikin-ios";
		};
/* End PBXContainerItemProxy section */

/* Begin PBXFileReference section */
		489CD149E57C0EA9C5D9B4C4 /* Pods_jisikin_iosTests.framework */ = {isa = PBXFileReference; explicitFileType = wrapper.framework; includeInIndex = 0; path = Pods_jisikin_iosTests.framework; sourceTree = BUILT_PRODUCTS_DIR; };
		4E010325296009860060F342 /* TestViewcontroller.swift */ = {isa = PBXFileReference; lastKnownFileType = sourcecode.swift; path = TestViewcontroller.swift; sourceTree = "<group>"; };
		4E01E17D296D23C300B8EFD2 /* HomeViewController.swift */ = {isa = PBXFileReference; lastKnownFileType = sourcecode.swift; path = HomeViewController.swift; sourceTree = "<group>"; };
		4E152C17296007A5000E9D9A /* TestRepository.swift */ = {isa = PBXFileReference; lastKnownFileType = sourcecode.swift; path = TestRepository.swift; sourceTree = "<group>"; };
		4E44C25C2963ED5D001165AD /* LoginRepository.swift */ = {isa = PBXFileReference; lastKnownFileType = sourcecode.swift; path = LoginRepository.swift; sourceTree = "<group>"; };
		4E610E962976565400197149 /* QuestionDetailFromWritingAnswerViewController.swift */ = {isa = PBXFileReference; lastKnownFileType = sourcecode.swift; path = QuestionDetailFromWritingAnswerViewController.swift; sourceTree = "<group>"; };
		4E682773296E75060001FC35 /* tagViewCell.swift */ = {isa = PBXFileReference; fileEncoding = 4; lastKnownFileType = sourcecode.swift; path = tagViewCell.swift; sourceTree = "<group>"; };
		4E682774296E75060001FC35 /* WritingAnswerViewController.swift */ = {isa = PBXFileReference; fileEncoding = 4; lastKnownFileType = sourcecode.swift; path = WritingAnswerViewController.swift; sourceTree = "<group>"; };
		4E8BAE0229559F62001CE4BD /* jisikin-ios.app */ = {isa = PBXFileReference; explicitFileType = wrapper.application; includeInIndex = 0; path = "jisikin-ios.app"; sourceTree = BUILT_PRODUCTS_DIR; };
		4E8BAE0529559F62001CE4BD /* AppDelegate.swift */ = {isa = PBXFileReference; lastKnownFileType = sourcecode.swift; path = AppDelegate.swift; sourceTree = "<group>"; };
		4E8BAE0729559F62001CE4BD /* SceneDelegate.swift */ = {isa = PBXFileReference; lastKnownFileType = sourcecode.swift; path = SceneDelegate.swift; sourceTree = "<group>"; };
		4E8BAE0E29559F63001CE4BD /* Assets.xcassets */ = {isa = PBXFileReference; lastKnownFileType = folder.assetcatalog; path = Assets.xcassets; sourceTree = "<group>"; };
		4E8BAE1329559F63001CE4BD /* Info.plist */ = {isa = PBXFileReference; lastKnownFileType = text.plist.xml; path = Info.plist; sourceTree = "<group>"; };
		4E8BAE1829559F63001CE4BD /* jisikin-iosTests.xctest */ = {isa = PBXFileReference; explicitFileType = wrapper.cfbundle; includeInIndex = 0; path = "jisikin-iosTests.xctest"; sourceTree = BUILT_PRODUCTS_DIR; };
		4E8BAE1C29559F63001CE4BD /* jisikin_iosTests.swift */ = {isa = PBXFileReference; lastKnownFileType = sourcecode.swift; path = jisikin_iosTests.swift; sourceTree = "<group>"; };
		4E8BAE2229559F63001CE4BD /* jisikin-iosUITests.xctest */ = {isa = PBXFileReference; explicitFileType = wrapper.cfbundle; includeInIndex = 0; path = "jisikin-iosUITests.xctest"; sourceTree = BUILT_PRODUCTS_DIR; };
		4E8BAE2629559F63001CE4BD /* jisikin_iosUITests.swift */ = {isa = PBXFileReference; lastKnownFileType = sourcecode.swift; path = jisikin_iosUITests.swift; sourceTree = "<group>"; };
		4E8BAE2829559F63001CE4BD /* jisikin_iosUITestsLaunchTests.swift */ = {isa = PBXFileReference; lastKnownFileType = sourcecode.swift; path = jisikin_iosUITestsLaunchTests.swift; sourceTree = "<group>"; };
		4E9CAE752960001800D92F30 /* plainSegmentedControl.swift */ = {isa = PBXFileReference; fileEncoding = 4; lastKnownFileType = sourcecode.swift; path = plainSegmentedControl.swift; sourceTree = "<group>"; };
		4E9CAE772960001800D92F30 /* SearchViewController.swift */ = {isa = PBXFileReference; fileEncoding = 4; lastKnownFileType = sourcecode.swift; path = SearchViewController.swift; sourceTree = "<group>"; };
		4E9CAE782960001800D92F30 /* QuestionDetailViewController.swift */ = {isa = PBXFileReference; fileEncoding = 4; lastKnownFileType = sourcecode.swift; path = QuestionDetailViewController.swift; sourceTree = "<group>"; };
		4E9CAE7D296066F300D92F30 /* QuestionTableViewCell.swift */ = {isa = PBXFileReference; lastKnownFileType = sourcecode.swift; path = QuestionTableViewCell.swift; sourceTree = "<group>"; };
		4ECD064B29692C1900E848BF /* QuestionRepository.swift */ = {isa = PBXFileReference; lastKnownFileType = sourcecode.swift; path = QuestionRepository.swift; sourceTree = "<group>"; };
		4ECD064D296933BE00E848BF /* QuestionListViewModel.swift */ = {isa = PBXFileReference; lastKnownFileType = sourcecode.swift; path = QuestionListViewModel.swift; sourceTree = "<group>"; };
		4ECD06512969567900E848BF /* AnswerRepository.swift */ = {isa = PBXFileReference; lastKnownFileType = sourcecode.swift; path = AnswerRepository.swift; sourceTree = "<group>"; };
		4ECD065329697EC400E848BF /* WritingAnswerViewController.swift */ = {isa = PBXFileReference; fileEncoding = 4; lastKnownFileType = sourcecode.swift; path = WritingAnswerViewController.swift; sourceTree = "<group>"; };
		4ECD0657296BE7B100E848BF /* QuestionAnswerUsecase.swift */ = {isa = PBXFileReference; lastKnownFileType = sourcecode.swift; path = QuestionAnswerUsecase.swift; sourceTree = "<group>"; };
		4ECD0659296BFB2700E848BF /* QuestionDetailViewModel.swift */ = {isa = PBXFileReference; lastKnownFileType = sourcecode.swift; path = QuestionDetailViewModel.swift; sourceTree = "<group>"; };
		4ECD06612977D76E00E848BF /* JWTInterceptor.swift */ = {isa = PBXFileReference; lastKnownFileType = sourcecode.swift; path = JWTInterceptor.swift; sourceTree = "<group>"; };
		4ED26AC3295EF59A0034F1A7 /* LoginViewController.swift */ = {isa = PBXFileReference; lastKnownFileType = sourcecode.swift; path = LoginViewController.swift; sourceTree = "<group>"; };
		4ED26AC7295F0D670034F1A7 /* SignupViewController.swift */ = {isa = PBXFileReference; lastKnownFileType = sourcecode.swift; path = SignupViewController.swift; sourceTree = "<group>"; };
		4EE8D1FE2961520700CB6EB5 /* LoginModel.swift */ = {isa = PBXFileReference; lastKnownFileType = sourcecode.swift; path = LoginModel.swift; sourceTree = "<group>"; };
		4EFEB6F4297B84DA00A45392 /* detailTagViewCell.swift */ = {isa = PBXFileReference; lastKnownFileType = sourcecode.swift; path = detailTagViewCell.swift; sourceTree = "<group>"; };
		4EFEB6F6297B8B5900A45392 /* selfsizingcollectionview.swift */ = {isa = PBXFileReference; lastKnownFileType = sourcecode.swift; path = selfsizingcollectionview.swift; sourceTree = "<group>"; };
		5541333EDBCB937116F222C7 /* Pods-jisikin-iosTests.release.xcconfig */ = {isa = PBXFileReference; includeInIndex = 1; lastKnownFileType = text.xcconfig; name = "Pods-jisikin-iosTests.release.xcconfig"; path = "Target Support Files/Pods-jisikin-iosTests/Pods-jisikin-iosTests.release.xcconfig"; sourceTree = "<group>"; };
		5748C32360EEF24721FF4D75 /* Pods_jisikin_ios.framework */ = {isa = PBXFileReference; explicitFileType = wrapper.framework; includeInIndex = 0; path = Pods_jisikin_ios.framework; sourceTree = BUILT_PRODUCTS_DIR; };
		5C4A7C809D4CC5C4A465821B /* Pods-jisikin-ios.debug.xcconfig */ = {isa = PBXFileReference; includeInIndex = 1; lastKnownFileType = text.xcconfig; name = "Pods-jisikin-ios.debug.xcconfig"; path = "Target Support Files/Pods-jisikin-ios/Pods-jisikin-ios.debug.xcconfig"; sourceTree = "<group>"; };
		66457F534E1E32914566DD8A /* Pods-jisikin-ios-jisikin-iosUITests.release.xcconfig */ = {isa = PBXFileReference; includeInIndex = 1; lastKnownFileType = text.xcconfig; name = "Pods-jisikin-ios-jisikin-iosUITests.release.xcconfig"; path = "Target Support Files/Pods-jisikin-ios-jisikin-iosUITests/Pods-jisikin-ios-jisikin-iosUITests.release.xcconfig"; sourceTree = "<group>"; };
		705B740DCE4ADE3B3CE9CEA1 /* Pods-jisikin-ios.release.xcconfig */ = {isa = PBXFileReference; includeInIndex = 1; lastKnownFileType = text.xcconfig; name = "Pods-jisikin-ios.release.xcconfig"; path = "Target Support Files/Pods-jisikin-ios/Pods-jisikin-ios.release.xcconfig"; sourceTree = "<group>"; };
		79A04E81799D508499B52C16 /* Pods-jisikin-ios-jisikin-iosUITests.debug.xcconfig */ = {isa = PBXFileReference; includeInIndex = 1; lastKnownFileType = text.xcconfig; name = "Pods-jisikin-ios-jisikin-iosUITests.debug.xcconfig"; path = "Target Support Files/Pods-jisikin-ios-jisikin-iosUITests/Pods-jisikin-ios-jisikin-iosUITests.debug.xcconfig"; sourceTree = "<group>"; };
		8D669D50969F68A07EFBE6C2 /* Pods_jisikin_ios_jisikin_iosUITests.framework */ = {isa = PBXFileReference; explicitFileType = wrapper.framework; includeInIndex = 0; path = Pods_jisikin_ios_jisikin_iosUITests.framework; sourceTree = BUILT_PRODUCTS_DIR; };
		C002B11D295AE1DA003303B7 /* TabBarViewController.swift */ = {isa = PBXFileReference; lastKnownFileType = sourcecode.swift; path = TabBarViewController.swift; sourceTree = "<group>"; };
		C002B11F295AE21B003303B7 /* AnswerViewController.swift */ = {isa = PBXFileReference; lastKnownFileType = sourcecode.swift; path = AnswerViewController.swift; sourceTree = "<group>"; };
		C002B121295AE228003303B7 /* QuestionViewController.swift */ = {isa = PBXFileReference; lastKnownFileType = sourcecode.swift; path = QuestionViewController.swift; sourceTree = "<group>"; };
		C002B123295AE236003303B7 /* MyViewController.swift */ = {isa = PBXFileReference; lastKnownFileType = sourcecode.swift; path = MyViewController.swift; sourceTree = "<group>"; };
		C03F3CE42976AA2F0046DDDF /* ProfileViewModel.swift */ = {isa = PBXFileReference; lastKnownFileType = sourcecode.swift; path = ProfileViewModel.swift; sourceTree = "<group>"; };
		C03F3CE62976AB510046DDDF /* ProfileUsecase.swift */ = {isa = PBXFileReference; lastKnownFileType = sourcecode.swift; path = ProfileUsecase.swift; sourceTree = "<group>"; };
		C03F3CEA2976AD4A0046DDDF /* ProfileRepository.swift */ = {isa = PBXFileReference; lastKnownFileType = sourcecode.swift; path = ProfileRepository.swift; sourceTree = "<group>"; };
		C03F3CF42977A4070046DDDF /* PhotoRepository.swift */ = {isa = PBXFileReference; lastKnownFileType = sourcecode.swift; path = PhotoRepository.swift; sourceTree = "<group>"; };
		C03F3CF8297A94480046DDDF /* MyRelatedQuestionUsecase.swift */ = {isa = PBXFileReference; lastKnownFileType = sourcecode.swift; path = MyRelatedQuestionUsecase.swift; sourceTree = "<group>"; };
		C03F3CFA297A95490046DDDF /* MyRelatedQuestionListViewModel.swift */ = {isa = PBXFileReference; lastKnownFileType = sourcecode.swift; path = MyRelatedQuestionListViewModel.swift; sourceTree = "<group>"; };
		C03F3CFC297AA9040046DDDF /* MyRelatedQuestionTableViewCell.swift */ = {isa = PBXFileReference; lastKnownFileType = sourcecode.swift; path = MyRelatedQuestionTableViewCell.swift; sourceTree = "<group>"; };
		C0D6FC14295F319A00FF0A0C /* MyQAViewController.swift */ = {isa = PBXFileReference; lastKnownFileType = sourcecode.swift; path = MyQAViewController.swift; sourceTree = "<group>"; };
		C0D6FC18295F32BD00FF0A0C /* HeartedQViewController.swift */ = {isa = PBXFileReference; lastKnownFileType = sourcecode.swift; path = HeartedQViewController.swift; sourceTree = "<group>"; };
		C0D6FC1A295F5F2300FF0A0C /* ModifyProfileViewController.swift */ = {isa = PBXFileReference; lastKnownFileType = sourcecode.swift; path = ModifyProfileViewController.swift; sourceTree = "<group>"; };
		C5D7463FADBB0F894A002F8A /* Pods-jisikin-iosTests.debug.xcconfig */ = {isa = PBXFileReference; includeInIndex = 1; lastKnownFileType = text.xcconfig; name = "Pods-jisikin-iosTests.debug.xcconfig"; path = "Target Support Files/Pods-jisikin-iosTests/Pods-jisikin-iosTests.debug.xcconfig"; sourceTree = "<group>"; };
		D4AC7174297718E3007C037B /* ImageViewCell.swift */ = {isa = PBXFileReference; lastKnownFileType = sourcecode.swift; path = ImageViewCell.swift; sourceTree = "<group>"; };
/* End PBXFileReference section */

/* Begin PBXFrameworksBuildPhase section */
		4E8BADFF29559F62001CE4BD /* Frameworks */ = {
			isa = PBXFrameworksBuildPhase;
			buildActionMask = 2147483647;
			files = (
				8EAA9FD4F818743CC10321BD /* Pods_jisikin_ios.framework in Frameworks */,
				D4AC71732977167A007C037B /* BSImagePicker in Frameworks */,
			);
			runOnlyForDeploymentPostprocessing = 0;
		};
		4E8BAE1529559F63001CE4BD /* Frameworks */ = {
			isa = PBXFrameworksBuildPhase;
			buildActionMask = 2147483647;
			files = (
				6669E963AA0FE71A0C45E7EE /* Pods_jisikin_iosTests.framework in Frameworks */,
			);
			runOnlyForDeploymentPostprocessing = 0;
		};
		4E8BAE1F29559F63001CE4BD /* Frameworks */ = {
			isa = PBXFrameworksBuildPhase;
			buildActionMask = 2147483647;
			files = (
				12B383F79502CEE8511EAE7D /* Pods_jisikin_ios_jisikin_iosUITests.framework in Frameworks */,
			);
			runOnlyForDeploymentPostprocessing = 0;
		};
/* End PBXFrameworksBuildPhase section */

/* Begin PBXGroup section */
		4E8BADF929559F62001CE4BD = {
			isa = PBXGroup;
			children = (
				4E8BAE0429559F62001CE4BD /* jisikin-ios */,
				4E8BAE1B29559F63001CE4BD /* jisikin-iosTests */,
				4E8BAE2529559F63001CE4BD /* jisikin-iosUITests */,
				4E8BAE0329559F62001CE4BD /* Products */,
				B1F7C7010FDF1A045E9EDD5F /* Pods */,
				F05F4EB45688D3F7A3A8E1AB /* Frameworks */,
				4EF0C104296E7D1500F5CA99 /* Recovered References */,
			);
			sourceTree = "<group>";
		};
		4E8BAE0329559F62001CE4BD /* Products */ = {
			isa = PBXGroup;
			children = (
				4E8BAE0229559F62001CE4BD /* jisikin-ios.app */,
				4E8BAE1829559F63001CE4BD /* jisikin-iosTests.xctest */,
				4E8BAE2229559F63001CE4BD /* jisikin-iosUITests.xctest */,
			);
			name = Products;
			sourceTree = "<group>";
		};
		4E8BAE0429559F62001CE4BD /* jisikin-ios */ = {
			isa = PBXGroup;
			children = (
				4E682773296E75060001FC35 /* tagViewCell.swift */,
				D4AC7174297718E3007C037B /* ImageViewCell.swift */,
				4E682774296E75060001FC35 /* WritingAnswerViewController.swift */,
				4E610E962976565400197149 /* QuestionDetailFromWritingAnswerViewController.swift */,
				4E8BAE0529559F62001CE4BD /* AppDelegate.swift */,
				4E8BAE0729559F62001CE4BD /* SceneDelegate.swift */,
				C002B11D295AE1DA003303B7 /* TabBarViewController.swift */,
				4E01E17D296D23C300B8EFD2 /* HomeViewController.swift */,
				C002B11F295AE21B003303B7 /* AnswerViewController.swift */,
				4E9CAE752960001800D92F30 /* plainSegmentedControl.swift */,
				4E9CAE782960001800D92F30 /* QuestionDetailViewController.swift */,
				4E9CAE772960001800D92F30 /* SearchViewController.swift */,
				C002B121295AE228003303B7 /* QuestionViewController.swift */,
				C002B123295AE236003303B7 /* MyViewController.swift */,
				C0D6FC1A295F5F2300FF0A0C /* ModifyProfileViewController.swift */,
				C03F3CFC297AA9040046DDDF /* MyRelatedQuestionTableViewCell.swift */,
				C0D6FC14295F319A00FF0A0C /* MyQAViewController.swift */,
				C0D6FC18295F32BD00FF0A0C /* HeartedQViewController.swift */,
				4ED26AC3295EF59A0034F1A7 /* LoginViewController.swift */,
				4ED26AC7295F0D670034F1A7 /* SignupViewController.swift */,
				4E8BAE0E29559F63001CE4BD /* Assets.xcassets */,
				4E8BAE1329559F63001CE4BD /* Info.plist */,
				4E152C17296007A5000E9D9A /* TestRepository.swift */,
				4E010325296009860060F342 /* TestViewcontroller.swift */,
				4E9CAE7D296066F300D92F30 /* QuestionTableViewCell.swift */,
				4E44C25C2963ED5D001165AD /* LoginRepository.swift */,
				4EE8D1FE2961520700CB6EB5 /* LoginModel.swift */,
				4ECD064D296933BE00E848BF /* QuestionListViewModel.swift */,
				C03F3CFA297A95490046DDDF /* MyRelatedQuestionListViewModel.swift */,
				4ECD0657296BE7B100E848BF /* QuestionAnswerUsecase.swift */,
				C03F3CF8297A94480046DDDF /* MyRelatedQuestionUsecase.swift */,
				4ECD064B29692C1900E848BF /* QuestionRepository.swift */,
				4ECD06512969567900E848BF /* AnswerRepository.swift */,
				4ECD0659296BFB2700E848BF /* QuestionDetailViewModel.swift */,
				C03F3CE42976AA2F0046DDDF /* ProfileViewModel.swift */,
				C03F3CF42977A4070046DDDF /* PhotoRepository.swift */,
				C03F3CEA2976AD4A0046DDDF /* ProfileRepository.swift */,
				4ECD06612977D76E00E848BF /* JWTInterceptor.swift */,
				4EFEB6F4297B84DA00A45392 /* detailTagViewCell.swift */,
				4EFEB6F6297B8B5900A45392 /* selfsizingcollectionview.swift */,
				C03F3CE62976AB510046DDDF /* ProfileUsecase.swift */,
			);
			path = "jisikin-ios";
			sourceTree = "<group>";
		};
		4E8BAE1B29559F63001CE4BD /* jisikin-iosTests */ = {
			isa = PBXGroup;
			children = (
				4E8BAE1C29559F63001CE4BD /* jisikin_iosTests.swift */,
			);
			path = "jisikin-iosTests";
			sourceTree = "<group>";
		};
		4E8BAE2529559F63001CE4BD /* jisikin-iosUITests */ = {
			isa = PBXGroup;
			children = (
				4E8BAE2629559F63001CE4BD /* jisikin_iosUITests.swift */,
				4E8BAE2829559F63001CE4BD /* jisikin_iosUITestsLaunchTests.swift */,
			);
			path = "jisikin-iosUITests";
			sourceTree = "<group>";
		};
		4EF0C104296E7D1500F5CA99 /* Recovered References */ = {
			isa = PBXGroup;
			children = (
				4ECD065329697EC400E848BF /* WritingAnswerViewController.swift */,
			);
			name = "Recovered References";
			sourceTree = "<group>";
		};
		B1F7C7010FDF1A045E9EDD5F /* Pods */ = {
			isa = PBXGroup;
			children = (
				5C4A7C809D4CC5C4A465821B /* Pods-jisikin-ios.debug.xcconfig */,
				705B740DCE4ADE3B3CE9CEA1 /* Pods-jisikin-ios.release.xcconfig */,
				79A04E81799D508499B52C16 /* Pods-jisikin-ios-jisikin-iosUITests.debug.xcconfig */,
				66457F534E1E32914566DD8A /* Pods-jisikin-ios-jisikin-iosUITests.release.xcconfig */,
				C5D7463FADBB0F894A002F8A /* Pods-jisikin-iosTests.debug.xcconfig */,
				5541333EDBCB937116F222C7 /* Pods-jisikin-iosTests.release.xcconfig */,
			);
			path = Pods;
			sourceTree = "<group>";
		};
		F05F4EB45688D3F7A3A8E1AB /* Frameworks */ = {
			isa = PBXGroup;
			children = (
				5748C32360EEF24721FF4D75 /* Pods_jisikin_ios.framework */,
				8D669D50969F68A07EFBE6C2 /* Pods_jisikin_ios_jisikin_iosUITests.framework */,
				489CD149E57C0EA9C5D9B4C4 /* Pods_jisikin_iosTests.framework */,
			);
			name = Frameworks;
			sourceTree = "<group>";
		};
/* End PBXGroup section */

/* Begin PBXNativeTarget section */
		4E8BAE0129559F62001CE4BD /* jisikin-ios */ = {
			isa = PBXNativeTarget;
			buildConfigurationList = 4E8BAE2C29559F63001CE4BD /* Build configuration list for PBXNativeTarget "jisikin-ios" */;
			buildPhases = (
				65A6188F908D4390C8210126 /* [CP] Check Pods Manifest.lock */,
				4E8BADFE29559F62001CE4BD /* Sources */,
				4E8BADFF29559F62001CE4BD /* Frameworks */,
				4E8BAE0029559F62001CE4BD /* Resources */,
				589731C5F451E9E4AFB151F1 /* [CP] Embed Pods Frameworks */,
			);
			buildRules = (
			);
			dependencies = (
			);
			name = "jisikin-ios";
			packageProductDependencies = (
				D4AC71722977167A007C037B /* BSImagePicker */,
			);
			productName = "jisikin-ios";
			productReference = 4E8BAE0229559F62001CE4BD /* jisikin-ios.app */;
			productType = "com.apple.product-type.application";
		};
		4E8BAE1729559F63001CE4BD /* jisikin-iosTests */ = {
			isa = PBXNativeTarget;
			buildConfigurationList = 4E8BAE2F29559F63001CE4BD /* Build configuration list for PBXNativeTarget "jisikin-iosTests" */;
			buildPhases = (
				AFBC302E0724F3732ED4B114 /* [CP] Check Pods Manifest.lock */,
				4E8BAE1429559F63001CE4BD /* Sources */,
				4E8BAE1529559F63001CE4BD /* Frameworks */,
				4E8BAE1629559F63001CE4BD /* Resources */,
			);
			buildRules = (
			);
			dependencies = (
				4E8BAE1A29559F63001CE4BD /* PBXTargetDependency */,
			);
			name = "jisikin-iosTests";
			productName = "jisikin-iosTests";
			productReference = 4E8BAE1829559F63001CE4BD /* jisikin-iosTests.xctest */;
			productType = "com.apple.product-type.bundle.unit-test";
		};
		4E8BAE2129559F63001CE4BD /* jisikin-iosUITests */ = {
			isa = PBXNativeTarget;
			buildConfigurationList = 4E8BAE3229559F63001CE4BD /* Build configuration list for PBXNativeTarget "jisikin-iosUITests" */;
			buildPhases = (
				EE3D45C06FAB835D1F5A0CA1 /* [CP] Check Pods Manifest.lock */,
				4E8BAE1E29559F63001CE4BD /* Sources */,
				4E8BAE1F29559F63001CE4BD /* Frameworks */,
				4E8BAE2029559F63001CE4BD /* Resources */,
				0CEFFF4A7F7F67402880385C /* [CP] Embed Pods Frameworks */,
			);
			buildRules = (
			);
			dependencies = (
				4E8BAE2429559F63001CE4BD /* PBXTargetDependency */,
			);
			name = "jisikin-iosUITests";
			productName = "jisikin-iosUITests";
			productReference = 4E8BAE2229559F63001CE4BD /* jisikin-iosUITests.xctest */;
			productType = "com.apple.product-type.bundle.ui-testing";
		};
/* End PBXNativeTarget section */

/* Begin PBXProject section */
		4E8BADFA29559F62001CE4BD /* Project object */ = {
			isa = PBXProject;
			attributes = {
				BuildIndependentTargetsInParallel = 1;
				LastSwiftUpdateCheck = 1410;
				LastUpgradeCheck = 1410;
				TargetAttributes = {
					4E8BAE0129559F62001CE4BD = {
						CreatedOnToolsVersion = 14.1;
					};
					4E8BAE1729559F63001CE4BD = {
						CreatedOnToolsVersion = 14.1;
						TestTargetID = 4E8BAE0129559F62001CE4BD;
					};
					4E8BAE2129559F63001CE4BD = {
						CreatedOnToolsVersion = 14.1;
						TestTargetID = 4E8BAE0129559F62001CE4BD;
					};
				};
			};
			buildConfigurationList = 4E8BADFD29559F62001CE4BD /* Build configuration list for PBXProject "jisikin-ios" */;
			compatibilityVersion = "Xcode 14.0";
			developmentRegion = en;
			hasScannedForEncodings = 0;
			knownRegions = (
				en,
				Base,
			);
			mainGroup = 4E8BADF929559F62001CE4BD;
			packageReferences = (
				D4AC71712977167A007C037B /* XCRemoteSwiftPackageReference "BSImagePicker" */,
			);
			productRefGroup = 4E8BAE0329559F62001CE4BD /* Products */;
			projectDirPath = "";
			projectRoot = "";
			targets = (
				4E8BAE0129559F62001CE4BD /* jisikin-ios */,
				4E8BAE1729559F63001CE4BD /* jisikin-iosTests */,
				4E8BAE2129559F63001CE4BD /* jisikin-iosUITests */,
			);
		};
/* End PBXProject section */

/* Begin PBXResourcesBuildPhase section */
		4E8BAE0029559F62001CE4BD /* Resources */ = {
			isa = PBXResourcesBuildPhase;
			buildActionMask = 2147483647;
			files = (
				4E8BAE0F29559F63001CE4BD /* Assets.xcassets in Resources */,
			);
			runOnlyForDeploymentPostprocessing = 0;
		};
		4E8BAE1629559F63001CE4BD /* Resources */ = {
			isa = PBXResourcesBuildPhase;
			buildActionMask = 2147483647;
			files = (
			);
			runOnlyForDeploymentPostprocessing = 0;
		};
		4E8BAE2029559F63001CE4BD /* Resources */ = {
			isa = PBXResourcesBuildPhase;
			buildActionMask = 2147483647;
			files = (
			);
			runOnlyForDeploymentPostprocessing = 0;
		};
/* End PBXResourcesBuildPhase section */

/* Begin PBXShellScriptBuildPhase section */
		0CEFFF4A7F7F67402880385C /* [CP] Embed Pods Frameworks */ = {
			isa = PBXShellScriptBuildPhase;
			buildActionMask = 2147483647;
			files = (
			);
			inputFileListPaths = (
				"${PODS_ROOT}/Target Support Files/Pods-jisikin-ios-jisikin-iosUITests/Pods-jisikin-ios-jisikin-iosUITests-frameworks-${CONFIGURATION}-input-files.xcfilelist",
			);
			name = "[CP] Embed Pods Frameworks";
			outputFileListPaths = (
				"${PODS_ROOT}/Target Support Files/Pods-jisikin-ios-jisikin-iosUITests/Pods-jisikin-ios-jisikin-iosUITests-frameworks-${CONFIGURATION}-output-files.xcfilelist",
			);
			runOnlyForDeploymentPostprocessing = 0;
			shellPath = /bin/sh;
			shellScript = "\"${PODS_ROOT}/Target Support Files/Pods-jisikin-ios-jisikin-iosUITests/Pods-jisikin-ios-jisikin-iosUITests-frameworks.sh\"\n";
			showEnvVarsInLog = 0;
		};
		589731C5F451E9E4AFB151F1 /* [CP] Embed Pods Frameworks */ = {
			isa = PBXShellScriptBuildPhase;
			buildActionMask = 2147483647;
			files = (
			);
			inputFileListPaths = (
				"${PODS_ROOT}/Target Support Files/Pods-jisikin-ios/Pods-jisikin-ios-frameworks-${CONFIGURATION}-input-files.xcfilelist",
			);
			name = "[CP] Embed Pods Frameworks";
			outputFileListPaths = (
				"${PODS_ROOT}/Target Support Files/Pods-jisikin-ios/Pods-jisikin-ios-frameworks-${CONFIGURATION}-output-files.xcfilelist",
			);
			runOnlyForDeploymentPostprocessing = 0;
			shellPath = /bin/sh;
			shellScript = "\"${PODS_ROOT}/Target Support Files/Pods-jisikin-ios/Pods-jisikin-ios-frameworks.sh\"\n";
			showEnvVarsInLog = 0;
		};
		65A6188F908D4390C8210126 /* [CP] Check Pods Manifest.lock */ = {
			isa = PBXShellScriptBuildPhase;
			buildActionMask = 2147483647;
			files = (
			);
			inputFileListPaths = (
			);
			inputPaths = (
				"${PODS_PODFILE_DIR_PATH}/Podfile.lock",
				"${PODS_ROOT}/Manifest.lock",
			);
			name = "[CP] Check Pods Manifest.lock";
			outputFileListPaths = (
			);
			outputPaths = (
				"$(DERIVED_FILE_DIR)/Pods-jisikin-ios-checkManifestLockResult.txt",
			);
			runOnlyForDeploymentPostprocessing = 0;
			shellPath = /bin/sh;
			shellScript = "diff \"${PODS_PODFILE_DIR_PATH}/Podfile.lock\" \"${PODS_ROOT}/Manifest.lock\" > /dev/null\nif [ $? != 0 ] ; then\n    # print error to STDERR\n    echo \"error: The sandbox is not in sync with the Podfile.lock. Run 'pod install' or update your CocoaPods installation.\" >&2\n    exit 1\nfi\n# This output is used by Xcode 'outputs' to avoid re-running this script phase.\necho \"SUCCESS\" > \"${SCRIPT_OUTPUT_FILE_0}\"\n";
			showEnvVarsInLog = 0;
		};
		AFBC302E0724F3732ED4B114 /* [CP] Check Pods Manifest.lock */ = {
			isa = PBXShellScriptBuildPhase;
			buildActionMask = 2147483647;
			files = (
			);
			inputFileListPaths = (
			);
			inputPaths = (
				"${PODS_PODFILE_DIR_PATH}/Podfile.lock",
				"${PODS_ROOT}/Manifest.lock",
			);
			name = "[CP] Check Pods Manifest.lock";
			outputFileListPaths = (
			);
			outputPaths = (
				"$(DERIVED_FILE_DIR)/Pods-jisikin-iosTests-checkManifestLockResult.txt",
			);
			runOnlyForDeploymentPostprocessing = 0;
			shellPath = /bin/sh;
			shellScript = "diff \"${PODS_PODFILE_DIR_PATH}/Podfile.lock\" \"${PODS_ROOT}/Manifest.lock\" > /dev/null\nif [ $? != 0 ] ; then\n    # print error to STDERR\n    echo \"error: The sandbox is not in sync with the Podfile.lock. Run 'pod install' or update your CocoaPods installation.\" >&2\n    exit 1\nfi\n# This output is used by Xcode 'outputs' to avoid re-running this script phase.\necho \"SUCCESS\" > \"${SCRIPT_OUTPUT_FILE_0}\"\n";
			showEnvVarsInLog = 0;
		};
		EE3D45C06FAB835D1F5A0CA1 /* [CP] Check Pods Manifest.lock */ = {
			isa = PBXShellScriptBuildPhase;
			buildActionMask = 2147483647;
			files = (
			);
			inputFileListPaths = (
			);
			inputPaths = (
				"${PODS_PODFILE_DIR_PATH}/Podfile.lock",
				"${PODS_ROOT}/Manifest.lock",
			);
			name = "[CP] Check Pods Manifest.lock";
			outputFileListPaths = (
			);
			outputPaths = (
				"$(DERIVED_FILE_DIR)/Pods-jisikin-ios-jisikin-iosUITests-checkManifestLockResult.txt",
			);
			runOnlyForDeploymentPostprocessing = 0;
			shellPath = /bin/sh;
			shellScript = "diff \"${PODS_PODFILE_DIR_PATH}/Podfile.lock\" \"${PODS_ROOT}/Manifest.lock\" > /dev/null\nif [ $? != 0 ] ; then\n    # print error to STDERR\n    echo \"error: The sandbox is not in sync with the Podfile.lock. Run 'pod install' or update your CocoaPods installation.\" >&2\n    exit 1\nfi\n# This output is used by Xcode 'outputs' to avoid re-running this script phase.\necho \"SUCCESS\" > \"${SCRIPT_OUTPUT_FILE_0}\"\n";
			showEnvVarsInLog = 0;
		};
/* End PBXShellScriptBuildPhase section */

/* Begin PBXSourcesBuildPhase section */
		4E8BADFE29559F62001CE4BD /* Sources */ = {
			isa = PBXSourcesBuildPhase;
			buildActionMask = 2147483647;
			files = (
				4E610E972976565400197149 /* QuestionDetailFromWritingAnswerViewController.swift in Sources */,
				4EFEB6F7297B8B5900A45392 /* selfsizingcollectionview.swift in Sources */,
				4EE8D1FF2961520700CB6EB5 /* LoginModel.swift in Sources */,
				C03F3CF52977A4070046DDDF /* PhotoRepository.swift in Sources */,
				4ED26AC4295EF59A0034F1A7 /* LoginViewController.swift in Sources */,
				4E682775296E75060001FC35 /* tagViewCell.swift in Sources */,
				C03F3CEB2976AD4A0046DDDF /* ProfileRepository.swift in Sources */,
				C002B11E295AE1DA003303B7 /* TabBarViewController.swift in Sources */,
				4ECD0658296BE7B100E848BF /* QuestionAnswerUsecase.swift in Sources */,
				4ED26AC8295F0D670034F1A7 /* SignupViewController.swift in Sources */,
				C002B122295AE228003303B7 /* QuestionViewController.swift in Sources */,
				4E682776296E75060001FC35 /* WritingAnswerViewController.swift in Sources */,
				D4AC7175297718E3007C037B /* ImageViewCell.swift in Sources */,
				4ECD064E296933BE00E848BF /* QuestionListViewModel.swift in Sources */,
				4E9CAE7B2960001800D92F30 /* SearchViewController.swift in Sources */,
				4E44C25D2963ED5D001165AD /* LoginRepository.swift in Sources */,
				C002B124295AE236003303B7 /* MyViewController.swift in Sources */,
				C0D6FC1B295F5F2300FF0A0C /* ModifyProfileViewController.swift in Sources */,
				4E01E17E296D23C300B8EFD2 /* HomeViewController.swift in Sources */,
				C03F3CF9297A94480046DDDF /* MyRelatedQuestionUsecase.swift in Sources */,
				4ECD064C29692C1900E848BF /* QuestionRepository.swift in Sources */,
				4EFEB6F5297B84DA00A45392 /* detailTagViewCell.swift in Sources */,
				C03F3CE72976AB510046DDDF /* ProfileUsecase.swift in Sources */,
				C0D6FC15295F319A00FF0A0C /* MyQAViewController.swift in Sources */,
				4ECD065A296BFB2700E848BF /* QuestionDetailViewModel.swift in Sources */,
				C03F3CFB297A95490046DDDF /* MyRelatedQuestionListViewModel.swift in Sources */,
				4E9CAE7C2960001800D92F30 /* QuestionDetailViewController.swift in Sources */,
				C002B120295AE21B003303B7 /* AnswerViewController.swift in Sources */,
				4ECD06622977D76E00E848BF /* JWTInterceptor.swift in Sources */,
				4E010326296009860060F342 /* TestViewcontroller.swift in Sources */,
				C03F3CE52976AA2F0046DDDF /* ProfileViewModel.swift in Sources */,
				4ECD06522969567900E848BF /* AnswerRepository.swift in Sources */,
				4E152C18296007A5000E9D9A /* TestRepository.swift in Sources */,
				4E9CAE792960001800D92F30 /* plainSegmentedControl.swift in Sources */,
				4E8BAE0629559F62001CE4BD /* AppDelegate.swift in Sources */,
				C03F3CFD297AA9040046DDDF /* MyRelatedQuestionTableViewCell.swift in Sources */,
				4E9CAE7E296066F300D92F30 /* QuestionTableViewCell.swift in Sources */,
				4E8BAE0829559F62001CE4BD /* SceneDelegate.swift in Sources */,
				C0D6FC19295F32BD00FF0A0C /* HeartedQViewController.swift in Sources */,
			);
			runOnlyForDeploymentPostprocessing = 0;
		};
		4E8BAE1429559F63001CE4BD /* Sources */ = {
			isa = PBXSourcesBuildPhase;
			buildActionMask = 2147483647;
			files = (
				4E8BAE1D29559F63001CE4BD /* jisikin_iosTests.swift in Sources */,
			);
			runOnlyForDeploymentPostprocessing = 0;
		};
		4E8BAE1E29559F63001CE4BD /* Sources */ = {
			isa = PBXSourcesBuildPhase;
			buildActionMask = 2147483647;
			files = (
				4E8BAE2929559F63001CE4BD /* jisikin_iosUITestsLaunchTests.swift in Sources */,
				4E8BAE2729559F63001CE4BD /* jisikin_iosUITests.swift in Sources */,
			);
			runOnlyForDeploymentPostprocessing = 0;
		};
/* End PBXSourcesBuildPhase section */

/* Begin PBXTargetDependency section */
		4E8BAE1A29559F63001CE4BD /* PBXTargetDependency */ = {
			isa = PBXTargetDependency;
			target = 4E8BAE0129559F62001CE4BD /* jisikin-ios */;
			targetProxy = 4E8BAE1929559F63001CE4BD /* PBXContainerItemProxy */;
		};
		4E8BAE2429559F63001CE4BD /* PBXTargetDependency */ = {
			isa = PBXTargetDependency;
			target = 4E8BAE0129559F62001CE4BD /* jisikin-ios */;
			targetProxy = 4E8BAE2329559F63001CE4BD /* PBXContainerItemProxy */;
		};
/* End PBXTargetDependency section */

/* Begin XCBuildConfiguration section */
		4E8BAE2A29559F63001CE4BD /* Debug */ = {
			isa = XCBuildConfiguration;
			buildSettings = {
				ALWAYS_SEARCH_USER_PATHS = NO;
				CLANG_ANALYZER_NONNULL = YES;
				CLANG_ANALYZER_NUMBER_OBJECT_CONVERSION = YES_AGGRESSIVE;
				CLANG_CXX_LANGUAGE_STANDARD = "gnu++20";
				CLANG_ENABLE_MODULES = YES;
				CLANG_ENABLE_OBJC_ARC = YES;
				CLANG_ENABLE_OBJC_WEAK = YES;
				CLANG_WARN_BLOCK_CAPTURE_AUTORELEASING = YES;
				CLANG_WARN_BOOL_CONVERSION = YES;
				CLANG_WARN_COMMA = YES;
				CLANG_WARN_CONSTANT_CONVERSION = YES;
				CLANG_WARN_DEPRECATED_OBJC_IMPLEMENTATIONS = YES;
				CLANG_WARN_DIRECT_OBJC_ISA_USAGE = YES_ERROR;
				CLANG_WARN_DOCUMENTATION_COMMENTS = YES;
				CLANG_WARN_EMPTY_BODY = YES;
				CLANG_WARN_ENUM_CONVERSION = YES;
				CLANG_WARN_INFINITE_RECURSION = YES;
				CLANG_WARN_INT_CONVERSION = YES;
				CLANG_WARN_NON_LITERAL_NULL_CONVERSION = YES;
				CLANG_WARN_OBJC_IMPLICIT_RETAIN_SELF = YES;
				CLANG_WARN_OBJC_LITERAL_CONVERSION = YES;
				CLANG_WARN_OBJC_ROOT_CLASS = YES_ERROR;
				CLANG_WARN_QUOTED_INCLUDE_IN_FRAMEWORK_HEADER = YES;
				CLANG_WARN_RANGE_LOOP_ANALYSIS = YES;
				CLANG_WARN_STRICT_PROTOTYPES = YES;
				CLANG_WARN_SUSPICIOUS_MOVE = YES;
				CLANG_WARN_UNGUARDED_AVAILABILITY = YES_AGGRESSIVE;
				CLANG_WARN_UNREACHABLE_CODE = YES;
				CLANG_WARN__DUPLICATE_METHOD_MATCH = YES;
				COPY_PHASE_STRIP = NO;
				DEBUG_INFORMATION_FORMAT = dwarf;
				ENABLE_STRICT_OBJC_MSGSEND = YES;
				ENABLE_TESTABILITY = YES;
				GCC_C_LANGUAGE_STANDARD = gnu11;
				GCC_DYNAMIC_NO_PIC = NO;
				GCC_NO_COMMON_BLOCKS = YES;
				GCC_OPTIMIZATION_LEVEL = 0;
				GCC_PREPROCESSOR_DEFINITIONS = (
					"DEBUG=1",
					"$(inherited)",
				);
				GCC_WARN_64_TO_32_BIT_CONVERSION = YES;
				GCC_WARN_ABOUT_RETURN_TYPE = YES_ERROR;
				GCC_WARN_UNDECLARED_SELECTOR = YES;
				GCC_WARN_UNINITIALIZED_AUTOS = YES_AGGRESSIVE;
				GCC_WARN_UNUSED_FUNCTION = YES;
				GCC_WARN_UNUSED_VARIABLE = YES;
				IPHONEOS_DEPLOYMENT_TARGET = 16.1;
				MTL_ENABLE_DEBUG_INFO = INCLUDE_SOURCE;
				MTL_FAST_MATH = YES;
				ONLY_ACTIVE_ARCH = YES;
				SDKROOT = iphoneos;
				SWIFT_ACTIVE_COMPILATION_CONDITIONS = DEBUG;
				SWIFT_OPTIMIZATION_LEVEL = "-Onone";
			};
			name = Debug;
		};
		4E8BAE2B29559F63001CE4BD /* Release */ = {
			isa = XCBuildConfiguration;
			buildSettings = {
				ALWAYS_SEARCH_USER_PATHS = NO;
				CLANG_ANALYZER_NONNULL = YES;
				CLANG_ANALYZER_NUMBER_OBJECT_CONVERSION = YES_AGGRESSIVE;
				CLANG_CXX_LANGUAGE_STANDARD = "gnu++20";
				CLANG_ENABLE_MODULES = YES;
				CLANG_ENABLE_OBJC_ARC = YES;
				CLANG_ENABLE_OBJC_WEAK = YES;
				CLANG_WARN_BLOCK_CAPTURE_AUTORELEASING = YES;
				CLANG_WARN_BOOL_CONVERSION = YES;
				CLANG_WARN_COMMA = YES;
				CLANG_WARN_CONSTANT_CONVERSION = YES;
				CLANG_WARN_DEPRECATED_OBJC_IMPLEMENTATIONS = YES;
				CLANG_WARN_DIRECT_OBJC_ISA_USAGE = YES_ERROR;
				CLANG_WARN_DOCUMENTATION_COMMENTS = YES;
				CLANG_WARN_EMPTY_BODY = YES;
				CLANG_WARN_ENUM_CONVERSION = YES;
				CLANG_WARN_INFINITE_RECURSION = YES;
				CLANG_WARN_INT_CONVERSION = YES;
				CLANG_WARN_NON_LITERAL_NULL_CONVERSION = YES;
				CLANG_WARN_OBJC_IMPLICIT_RETAIN_SELF = YES;
				CLANG_WARN_OBJC_LITERAL_CONVERSION = YES;
				CLANG_WARN_OBJC_ROOT_CLASS = YES_ERROR;
				CLANG_WARN_QUOTED_INCLUDE_IN_FRAMEWORK_HEADER = YES;
				CLANG_WARN_RANGE_LOOP_ANALYSIS = YES;
				CLANG_WARN_STRICT_PROTOTYPES = YES;
				CLANG_WARN_SUSPICIOUS_MOVE = YES;
				CLANG_WARN_UNGUARDED_AVAILABILITY = YES_AGGRESSIVE;
				CLANG_WARN_UNREACHABLE_CODE = YES;
				CLANG_WARN__DUPLICATE_METHOD_MATCH = YES;
				COPY_PHASE_STRIP = NO;
				DEBUG_INFORMATION_FORMAT = "dwarf-with-dsym";
				ENABLE_NS_ASSERTIONS = NO;
				ENABLE_STRICT_OBJC_MSGSEND = YES;
				GCC_C_LANGUAGE_STANDARD = gnu11;
				GCC_NO_COMMON_BLOCKS = YES;
				GCC_WARN_64_TO_32_BIT_CONVERSION = YES;
				GCC_WARN_ABOUT_RETURN_TYPE = YES_ERROR;
				GCC_WARN_UNDECLARED_SELECTOR = YES;
				GCC_WARN_UNINITIALIZED_AUTOS = YES_AGGRESSIVE;
				GCC_WARN_UNUSED_FUNCTION = YES;
				GCC_WARN_UNUSED_VARIABLE = YES;
				IPHONEOS_DEPLOYMENT_TARGET = 16.1;
				MTL_ENABLE_DEBUG_INFO = NO;
				MTL_FAST_MATH = YES;
				SDKROOT = iphoneos;
				SWIFT_COMPILATION_MODE = wholemodule;
				SWIFT_OPTIMIZATION_LEVEL = "-O";
				VALIDATE_PRODUCT = YES;
			};
			name = Release;
		};
		4E8BAE2D29559F63001CE4BD /* Debug */ = {
			isa = XCBuildConfiguration;
			baseConfigurationReference = 5C4A7C809D4CC5C4A465821B /* Pods-jisikin-ios.debug.xcconfig */;
			buildSettings = {
				ASSETCATALOG_COMPILER_APPICON_NAME = AppIcon;
				"ASSETCATALOG_COMPILER_APPICON_NAME[sdk=iphoneos*]" = AppIcon;
				ASSETCATALOG_COMPILER_GLOBAL_ACCENT_COLOR_NAME = AccentColor;
				ASSETCATALOG_COMPILER_INCLUDE_ALL_APPICON_ASSETS = YES;
				CODE_SIGN_STYLE = Automatic;
				CURRENT_PROJECT_VERSION = 1;
				DEVELOPMENT_TEAM = 9AFU52MJH5;
				GENERATE_INFOPLIST_FILE = YES;
				INFOPLIST_FILE = "jisikin-ios/Info.plist";
				INFOPLIST_KEY_CFBundleDisplayName = "지식2n";
				INFOPLIST_KEY_LSApplicationCategoryType = "public.app-category.social-networking";
				INFOPLIST_KEY_NSCameraUsageDescription = "카메라 접근 권한을 허용해주세요";
				INFOPLIST_KEY_NSPhotoLibraryAddUsageDescription = "앨범 접근 권한을 허용해주세요";
				INFOPLIST_KEY_UIApplicationSupportsIndirectInputEvents = YES;
				INFOPLIST_KEY_UILaunchStoryboardName = "Launch Screen.storyboard";
				INFOPLIST_KEY_UIRequiresFullScreen = YES;
				INFOPLIST_KEY_UISupportedInterfaceOrientations_iPad = "UIInterfaceOrientationPortrait UIInterfaceOrientationPortraitUpsideDown UIInterfaceOrientationLandscapeLeft UIInterfaceOrientationLandscapeRight";
				INFOPLIST_KEY_UISupportedInterfaceOrientations_iPhone = "UIInterfaceOrientationPortrait UIInterfaceOrientationLandscapeLeft UIInterfaceOrientationLandscapeRight";
				INFOPLIST_KEY_UIUserInterfaceStyle = Light;
				LD_RUNPATH_SEARCH_PATHS = (
					"$(inherited)",
					"@executable_path/Frameworks",
				);
				MARKETING_VERSION = 1.0;
				PRODUCT_BUNDLE_IDENTIFIER = "wafflestudio20-5.team2.jisikin-ios";
				PRODUCT_NAME = "$(TARGET_NAME)";
				SWIFT_EMIT_LOC_STRINGS = YES;
				SWIFT_VERSION = 5.0;
				TARGETED_DEVICE_FAMILY = "1,2";
			};
			name = Debug;
		};
		4E8BAE2E29559F63001CE4BD /* Release */ = {
			isa = XCBuildConfiguration;
			baseConfigurationReference = 705B740DCE4ADE3B3CE9CEA1 /* Pods-jisikin-ios.release.xcconfig */;
			buildSettings = {
				ASSETCATALOG_COMPILER_APPICON_NAME = AppIcon;
				"ASSETCATALOG_COMPILER_APPICON_NAME[sdk=iphoneos*]" = AppIcon;
				ASSETCATALOG_COMPILER_GLOBAL_ACCENT_COLOR_NAME = AccentColor;
				ASSETCATALOG_COMPILER_INCLUDE_ALL_APPICON_ASSETS = YES;
				CODE_SIGN_STYLE = Automatic;
				CURRENT_PROJECT_VERSION = 1;
				DEVELOPMENT_TEAM = 9AFU52MJH5;
				GENERATE_INFOPLIST_FILE = YES;
				INFOPLIST_FILE = "jisikin-ios/Info.plist";
				INFOPLIST_KEY_CFBundleDisplayName = "지식2n";
				INFOPLIST_KEY_LSApplicationCategoryType = "public.app-category.social-networking";
				INFOPLIST_KEY_NSCameraUsageDescription = "카메라 접근 권한을 허용해주세요";
				INFOPLIST_KEY_NSPhotoLibraryAddUsageDescription = "앨범 접근 권한을 허용해주세요";
				INFOPLIST_KEY_UIApplicationSupportsIndirectInputEvents = YES;
				INFOPLIST_KEY_UILaunchStoryboardName = "Launch Screen.storyboard";
				INFOPLIST_KEY_UIRequiresFullScreen = YES;
				INFOPLIST_KEY_UISupportedInterfaceOrientations_iPad = "UIInterfaceOrientationPortrait UIInterfaceOrientationPortraitUpsideDown UIInterfaceOrientationLandscapeLeft UIInterfaceOrientationLandscapeRight";
				INFOPLIST_KEY_UISupportedInterfaceOrientations_iPhone = "UIInterfaceOrientationPortrait UIInterfaceOrientationLandscapeLeft UIInterfaceOrientationLandscapeRight";
				INFOPLIST_KEY_UIUserInterfaceStyle = Light;
				LD_RUNPATH_SEARCH_PATHS = (
					"$(inherited)",
					"@executable_path/Frameworks",
				);
				MARKETING_VERSION = 1.0;
				PRODUCT_BUNDLE_IDENTIFIER = "wafflestudio20-5.team2.jisikin-ios";
				PRODUCT_NAME = "$(TARGET_NAME)";
				SWIFT_EMIT_LOC_STRINGS = YES;
				SWIFT_VERSION = 5.0;
				TARGETED_DEVICE_FAMILY = "1,2";
			};
			name = Release;
		};
		4E8BAE3029559F63001CE4BD /* Debug */ = {
			isa = XCBuildConfiguration;
			baseConfigurationReference = C5D7463FADBB0F894A002F8A /* Pods-jisikin-iosTests.debug.xcconfig */;
			buildSettings = {
				ALWAYS_EMBED_SWIFT_STANDARD_LIBRARIES = YES;
				BUNDLE_LOADER = "$(TEST_HOST)";
				CODE_SIGN_STYLE = Automatic;
				CURRENT_PROJECT_VERSION = 1;
				GENERATE_INFOPLIST_FILE = YES;
				IPHONEOS_DEPLOYMENT_TARGET = 16.1;
				MARKETING_VERSION = 1.0;
				PRODUCT_BUNDLE_IDENTIFIER = "wafflestudio20-5.team2.jisikin-iosTests";
				PRODUCT_NAME = "$(TARGET_NAME)";
				SWIFT_EMIT_LOC_STRINGS = NO;
				SWIFT_VERSION = 5.0;
				TARGETED_DEVICE_FAMILY = "1,2";
				TEST_HOST = "$(BUILT_PRODUCTS_DIR)/jisikin-ios.app/$(BUNDLE_EXECUTABLE_FOLDER_PATH)/jisikin-ios";
			};
			name = Debug;
		};
		4E8BAE3129559F63001CE4BD /* Release */ = {
			isa = XCBuildConfiguration;
			baseConfigurationReference = 5541333EDBCB937116F222C7 /* Pods-jisikin-iosTests.release.xcconfig */;
			buildSettings = {
				ALWAYS_EMBED_SWIFT_STANDARD_LIBRARIES = YES;
				BUNDLE_LOADER = "$(TEST_HOST)";
				CODE_SIGN_STYLE = Automatic;
				CURRENT_PROJECT_VERSION = 1;
				GENERATE_INFOPLIST_FILE = YES;
				IPHONEOS_DEPLOYMENT_TARGET = 16.1;
				MARKETING_VERSION = 1.0;
				PRODUCT_BUNDLE_IDENTIFIER = "wafflestudio20-5.team2.jisikin-iosTests";
				PRODUCT_NAME = "$(TARGET_NAME)";
				SWIFT_EMIT_LOC_STRINGS = NO;
				SWIFT_VERSION = 5.0;
				TARGETED_DEVICE_FAMILY = "1,2";
				TEST_HOST = "$(BUILT_PRODUCTS_DIR)/jisikin-ios.app/$(BUNDLE_EXECUTABLE_FOLDER_PATH)/jisikin-ios";
			};
			name = Release;
		};
		4E8BAE3329559F63001CE4BD /* Debug */ = {
			isa = XCBuildConfiguration;
			baseConfigurationReference = 79A04E81799D508499B52C16 /* Pods-jisikin-ios-jisikin-iosUITests.debug.xcconfig */;
			buildSettings = {
				ALWAYS_EMBED_SWIFT_STANDARD_LIBRARIES = YES;
				CODE_SIGN_STYLE = Automatic;
				CURRENT_PROJECT_VERSION = 1;
				GENERATE_INFOPLIST_FILE = YES;
				MARKETING_VERSION = 1.0;
				PRODUCT_BUNDLE_IDENTIFIER = "wafflestudio20-5.team2.jisikin-iosUITests";
				PRODUCT_NAME = "$(TARGET_NAME)";
				SWIFT_EMIT_LOC_STRINGS = NO;
				SWIFT_VERSION = 5.0;
				TARGETED_DEVICE_FAMILY = "1,2";
				TEST_TARGET_NAME = "jisikin-ios";
			};
			name = Debug;
		};
		4E8BAE3429559F63001CE4BD /* Release */ = {
			isa = XCBuildConfiguration;
			baseConfigurationReference = 66457F534E1E32914566DD8A /* Pods-jisikin-ios-jisikin-iosUITests.release.xcconfig */;
			buildSettings = {
				ALWAYS_EMBED_SWIFT_STANDARD_LIBRARIES = YES;
				CODE_SIGN_STYLE = Automatic;
				CURRENT_PROJECT_VERSION = 1;
				GENERATE_INFOPLIST_FILE = YES;
				MARKETING_VERSION = 1.0;
				PRODUCT_BUNDLE_IDENTIFIER = "wafflestudio20-5.team2.jisikin-iosUITests";
				PRODUCT_NAME = "$(TARGET_NAME)";
				SWIFT_EMIT_LOC_STRINGS = NO;
				SWIFT_VERSION = 5.0;
				TARGETED_DEVICE_FAMILY = "1,2";
				TEST_TARGET_NAME = "jisikin-ios";
			};
			name = Release;
		};
/* End XCBuildConfiguration section */

/* Begin XCConfigurationList section */
		4E8BADFD29559F62001CE4BD /* Build configuration list for PBXProject "jisikin-ios" */ = {
			isa = XCConfigurationList;
			buildConfigurations = (
				4E8BAE2A29559F63001CE4BD /* Debug */,
				4E8BAE2B29559F63001CE4BD /* Release */,
			);
			defaultConfigurationIsVisible = 0;
			defaultConfigurationName = Release;
		};
		4E8BAE2C29559F63001CE4BD /* Build configuration list for PBXNativeTarget "jisikin-ios" */ = {
			isa = XCConfigurationList;
			buildConfigurations = (
				4E8BAE2D29559F63001CE4BD /* Debug */,
				4E8BAE2E29559F63001CE4BD /* Release */,
			);
			defaultConfigurationIsVisible = 0;
			defaultConfigurationName = Release;
		};
		4E8BAE2F29559F63001CE4BD /* Build configuration list for PBXNativeTarget "jisikin-iosTests" */ = {
			isa = XCConfigurationList;
			buildConfigurations = (
				4E8BAE3029559F63001CE4BD /* Debug */,
				4E8BAE3129559F63001CE4BD /* Release */,
			);
			defaultConfigurationIsVisible = 0;
			defaultConfigurationName = Release;
		};
		4E8BAE3229559F63001CE4BD /* Build configuration list for PBXNativeTarget "jisikin-iosUITests" */ = {
			isa = XCConfigurationList;
			buildConfigurations = (
				4E8BAE3329559F63001CE4BD /* Debug */,
				4E8BAE3429559F63001CE4BD /* Release */,
			);
			defaultConfigurationIsVisible = 0;
			defaultConfigurationName = Release;
		};
/* End XCConfigurationList section */

/* Begin XCRemoteSwiftPackageReference section */
		D4AC71712977167A007C037B /* XCRemoteSwiftPackageReference "BSImagePicker" */ = {
			isa = XCRemoteSwiftPackageReference;
			repositoryURL = "https://github.com/mikaoj/BSImagePicker.git";
			requirement = {
				kind = upToNextMajorVersion;
				minimumVersion = 3.0.0;
			};
		};
/* End XCRemoteSwiftPackageReference section */

/* Begin XCSwiftPackageProductDependency section */
		D4AC71722977167A007C037B /* BSImagePicker */ = {
			isa = XCSwiftPackageProductDependency;
			package = D4AC71712977167A007C037B /* XCRemoteSwiftPackageReference "BSImagePicker" */;
			productName = BSImagePicker;
		};
/* End XCSwiftPackageProductDependency section */
	};
	rootObject = 4E8BADFA29559F62001CE4BD /* Project object */;
}
