{
  "pins" : [
    {
      "identity" : "bsimagepicker",
      "kind" : "remoteSourceControl",
      "location" : "https://github.com/mikaoj/BSImagePicker.git",
      "state" : {
        "revision" : "750f26abd0fafbcc4124adef436251888a7c962a",
        "version" : "3.3.1"
      }
    }
  ],
  "version" : 2
}
